
Microsoft Visual Studio Solution File, Format Version 12.00
# Visual Studio Version 16
VisualStudioVersion = 16.0.37507.1
MinimumVisualStudioVersion = 10.0.40219.1
Project("{FAE04EC0-301F-11D3-BF4B-00C04F79EFBC}") = "miPrimeraApp", "miPrimeraApp\miPrimeraApp.csproj", "{39C8F68F-855B-4BA7-B709-1E788DA95F18}"
EndProject
Global
	GlobalSection(SolutionConfigurationPlatforms) = preSolution
		Debug|Any CPU = Debug|Any CPU
		Release|Any CPU = Release|Any CPU
	EndGlobalSection
	GlobalSection(ProjectConfigurationPlatforms) = postSolution
		{39C8F68F-855B-4BA7-B709-1E788DA95F18}.Debug|Any CPU.ActiveCfg = Debug|Any CPU
		{39C8F68F-855B-4BA7-B709-1E788DA95F18}.Debug|Any CPU.Build.0 = Debug|Any CPU
		{39C8F68F-855B-4BA7-B709-1E788DA95F18}.Release|Any CPU.ActiveCfg = Release|Any CPU
		{39C8F68F-855B-4BA7-B709-1E788DA95F18}.Release|Any CPU.Build.0 = Release|Any CPU
	EndGlobalSection
	GlobalSection(SolutionProperties) = preSolution
		HideSolutionNode = FALSE
	EndGlobalSection
	GlobalSection(ExtensibilityGlobals) = postSolution
		SolutionGuid = {02AE511E-06AD-43F1-B009-D2B5FB8F71D7}
	EndGlobalSection
EndGlobal
